
Microsoft Visual Studio Solution File, Format Version 12.00
# Visual Studio Version 16
VisualStudioVersion = 16.0.30717.126
MinimumVisualStudioVersion = 10.0.40219.1
Project("{FAE04EC0-301F-11D3-BF4B-00C04F79EFBC}") = "complexNumber", "complexNumber.csproj", "{7157CE75-D987-4CA1-8720-CC9E7AF82446}"
EndProject
Global
	GlobalSection(SolutionConfigurationPlatforms) = preSolution
		Debug|Any CPU = Debug|Any CPU
		Release|Any CPU = Release|Any CPU
	EndGlobalSection
	GlobalSection(ProjectConfigurationPlatforms) = postSolution
		{7157CE75-D987-4CA1-8720-CC9E7AF82446}.Debug|Any CPU.ActiveCfg = Debug|Any CPU
		{7157CE75-D987-4CA1-8720-CC9E7AF82446}.Debug|Any CPU.Build.0 = Debug|Any CPU
		{7157CE75-D987-4CA1-8720-CC9E7AF82446}.Release|Any CPU.ActiveCfg = Release|Any CPU
		{7157CE75-D987-4CA1-8720-CC9E7AF82446}.Release|Any CPU.Build.0 = Release|Any CPU
	EndGlobalSection
	GlobalSection(SolutionProperties) = preSolution
		HideSolutionNode = FALSE
	EndGlobalSection
	GlobalSection(ExtensibilityGlobals) = postSolution
		SolutionGuid = {23A8A961-B1EC-4C3D-B31B-2D4216C26DB1}
	EndGlobalSection
EndGlobal
